
Microsoft Visual Studio Solution File, Format Version 12.00
# Visual Studio Version 17
VisualStudioVersion = 17.7.34003.232
MinimumVisualStudioVersion = 10.0.40219.1
Project("{FAE04EC0-301F-11D3-BF4B-00C04F79EFBC}") = "Common", "McProject\Common.csproj", "{077110E9-617A-46F0-98A1-F53122230D65}"
EndProject
Project("{FAE04EC0-301F-11D3-BF4B-00C04F79EFBC}") = "McAuth", "McAuth\McAuth.csproj", "{767406F0-A08B-4A61-AF7C-A8182E01AEA5}"
EndProject
Global
	GlobalSection(SolutionConfigurationPlatforms) = preSolution
		Debug|Any CPU = Debug|Any CPU
		Debug|x64 = Debug|x64
		Release|Any CPU = Release|Any CPU
		Release|x64 = Release|x64
	EndGlobalSection
	GlobalSection(ProjectConfigurationPlatforms) = postSolution
		{077110E9-617A-46F0-98A1-F53122230D65}.Debug|Any CPU.ActiveCfg = Debug|Any CPU
		{077110E9-617A-46F0-98A1-F53122230D65}.Debug|Any CPU.Build.0 = Debug|Any CPU
		{077110E9-617A-46F0-98A1-F53122230D65}.Debug|x64.ActiveCfg = Debug|x64
		{077110E9-617A-46F0-98A1-F53122230D65}.Debug|x64.Build.0 = Debug|x64
		{077110E9-617A-46F0-98A1-F53122230D65}.Release|Any CPU.ActiveCfg = Release|Any CPU
		{077110E9-617A-46F0-98A1-F53122230D65}.Release|Any CPU.Build.0 = Release|Any CPU
		{077110E9-617A-46F0-98A1-F53122230D65}.Release|x64.ActiveCfg = Release|x64
		{077110E9-617A-46F0-98A1-F53122230D65}.Release|x64.Build.0 = Release|x64
		{767406F0-A08B-4A61-AF7C-A8182E01AEA5}.Debug|Any CPU.ActiveCfg = Debug|Any CPU
		{767406F0-A08B-4A61-AF7C-A8182E01AEA5}.Debug|Any CPU.Build.0 = Debug|Any CPU
		{767406F0-A08B-4A61-AF7C-A8182E01AEA5}.Debug|x64.ActiveCfg = Debug|x64
		{767406F0-A08B-4A61-AF7C-A8182E01AEA5}.Debug|x64.Build.0 = Debug|x64
		{767406F0-A08B-4A61-AF7C-A8182E01AEA5}.Release|Any CPU.ActiveCfg = Release|Any CPU
		{767406F0-A08B-4A61-AF7C-A8182E01AEA5}.Release|Any CPU.Build.0 = Release|Any CPU
		{767406F0-A08B-4A61-AF7C-A8182E01AEA5}.Release|x64.ActiveCfg = Release|x64
		{767406F0-A08B-4A61-AF7C-A8182E01AEA5}.Release|x64.Build.0 = Release|x64
	EndGlobalSection
	GlobalSection(SolutionProperties) = preSolution
		HideSolutionNode = FALSE
	EndGlobalSection
	GlobalSection(ExtensibilityGlobals) = postSolution
		SolutionGuid = {9BACC8B9-B4A4-40EB-B918-535BE3FBF9C7}
	EndGlobalSection
EndGlobal
